github.com/lucasb-eyer/go-colorful v1.2.0 h1:1nnpGOrhyZZuNyfu1QjKiUICQ74+3FNCN69Aj6K7nkY=
github.com/lucasb-eyer/go-colorful v1.2.0/go.mod h1:R4dSotOR9KMtayYi1e77YzuveK+i7ruzyGqttikkLy0=
github.com/mazznoer/csscolorparser v0.1.4 h1:1bAWPWdoMc5qdAXVlixS9rpZLw/vaq5InX/lj3tfRQQ=
github.com/mazznoer/csscolorparser v0.1.4/go.mod h1:OQRVvgCyHDCAquR1YWfSwwaDcM0LhnSffGnlbOew/3I=
github.com/mazznoer/csscolorparser v0.1.5-0.20240717073837-ced1c0227ecd h1:QD8NhwDjRqslqCti93tzxSjojvNUihcaYqQjGwdQAcM=
github.com/mazznoer/csscolorparser v0.1.5-0.20240717073837-ced1c0227ecd/go.mod h1:OQRVvgCyHDCAquR1YWfSwwaDcM0LhnSffGnlbOew/3I=
github.com/mazznoer/csscolorparser v0.1.5-0.20240719031628-b1c13f071417 h1:IdwaaP9b9TX6x7pMASy55IiksNPm73Z64ru71Nx22bw=
github.com/mazznoer/csscolorparser v0.1.5-0.20240719031628-b1c13f071417/go.mod h1:OQRVvgCyHDCAquR1YWfSwwaDcM0LhnSffGnlbOew/3I=
